
Microsoft Visual Studio Solution File, Format Version 12.00
# Visual Studio Version 17
VisualStudioVersion = 17.14.36212.18
MinimumVisualStudioVersion = 10.0.40219.1
Project("{FAE04EC0-301F-11D3-BF4B-00C04F79EFBC}") = "WinFormsApp1", "WinFormsApp1.csproj", "{B0508AA7-5A7F-4A47-948D-8B34605ADED3}"
EndProject
Project("{FAE04EC0-301F-11D3-BF4B-00C04F79EFBC}") = "TestProject1", "..\TestProject1\TestProject1.csproj", "{93CDAE4B-F08F-454B-82BB-69F06567F5B9}"
EndProject
Global
	GlobalSection(SolutionConfigurationPlatforms) = preSolution
		Debug|Any CPU = Debug|Any CPU
		Release|Any CPU = Release|Any CPU
	EndGlobalSection
	GlobalSection(ProjectConfigurationPlatforms) = postSolution
		{B0508AA7-5A7F-4A47-948D-8B34605ADED3}.Debug|Any CPU.ActiveCfg = Debug|Any CPU
		{B0508AA7-5A7F-4A47-948D-8B34605ADED3}.Debug|Any CPU.Build.0 = Debug|Any CPU
		{B0508AA7-5A7F-4A47-948D-8B34605ADED3}.Release|Any CPU.ActiveCfg = Release|Any CPU
		{B0508AA7-5A7F-4A47-948D-8B34605ADED3}.Release|Any CPU.Build.0 = Release|Any CPU
		{93CDAE4B-F08F-454B-82BB-69F06567F5B9}.Debug|Any CPU.ActiveCfg = Debug|Any CPU
		{93CDAE4B-F08F-454B-82BB-69F06567F5B9}.Debug|Any CPU.Build.0 = Debug|Any CPU
		{93CDAE4B-F08F-454B-82BB-69F06567F5B9}.Release|Any CPU.ActiveCfg = Release|Any CPU
		{93CDAE4B-F08F-454B-82BB-69F06567F5B9}.Release|Any CPU.Build.0 = Release|Any CPU
	EndGlobalSection
	GlobalSection(SolutionProperties) = preSolution
		HideSolutionNode = FALSE
	EndGlobalSection
	GlobalSection(ExtensibilityGlobals) = postSolution
		SolutionGuid = {9D43F40E-F89F-4AA7-8ABE-EF8539DC430E}
	EndGlobalSection
EndGlobal
